
Microsoft Visual Studio Solution File, Format Version 12.00
# Visual Studio Version 17
VisualStudioVersion = 17.8.34212.112
MinimumVisualStudioVersion = 10.0.40219.1
Project("{FAE04EC0-301F-11D3-BF4B-00C04F79EFBC}") = "DataSourceSharedLibrary", "DataSourceSharedLibrary\DataSourceSharedLibrary.csproj", "{6102B24A-131D-4388-A45C-574194026F91}"
EndProject
Project("{FAE04EC0-301F-11D3-BF4B-00C04F79EFBC}") = "SharedComponents", "SharedComponents\SharedComponents.csproj", "{31BF8DE8-79D3-4688-8562-CA2B58E5E8A5}"
EndProject
Project("{FAE04EC0-301F-11D3-BF4B-00C04F79EFBC}") = "MauiMobileApp", "MauiMobileApp\MauiMobileApp.csproj", "{7AD02912-812E-40FC-B48F-DBB4B75B160C}"
EndProject
Project("{FAE04EC0-301F-11D3-BF4B-00C04F79EFBC}") = "BlazorServerWebApp", "BlazorServerWebApp\BlazorServerWebApp.csproj", "{7EDA4C68-B81B-4248-A655-37055D8E71D3}"
EndProject
Global
	GlobalSection(SolutionConfigurationPlatforms) = preSolution
		Debug|Any CPU = Debug|Any CPU
		Release|Any CPU = Release|Any CPU
	EndGlobalSection
	GlobalSection(ProjectConfigurationPlatforms) = postSolution
		{6102B24A-131D-4388-A45C-574194026F91}.Debug|Any CPU.ActiveCfg = Debug|Any CPU
		{6102B24A-131D-4388-A45C-574194026F91}.Debug|Any CPU.Build.0 = Debug|Any CPU
		{6102B24A-131D-4388-A45C-574194026F91}.Release|Any CPU.ActiveCfg = Release|Any CPU
		{6102B24A-131D-4388-A45C-574194026F91}.Release|Any CPU.Build.0 = Release|Any CPU
		{31BF8DE8-79D3-4688-8562-CA2B58E5E8A5}.Debug|Any CPU.ActiveCfg = Debug|Any CPU
		{31BF8DE8-79D3-4688-8562-CA2B58E5E8A5}.Debug|Any CPU.Build.0 = Debug|Any CPU
		{31BF8DE8-79D3-4688-8562-CA2B58E5E8A5}.Release|Any CPU.ActiveCfg = Release|Any CPU
		{31BF8DE8-79D3-4688-8562-CA2B58E5E8A5}.Release|Any CPU.Build.0 = Release|Any CPU
		{7AD02912-812E-40FC-B48F-DBB4B75B160C}.Debug|Any CPU.ActiveCfg = Debug|Any CPU
		{7AD02912-812E-40FC-B48F-DBB4B75B160C}.Debug|Any CPU.Build.0 = Debug|Any CPU
		{7AD02912-812E-40FC-B48F-DBB4B75B160C}.Debug|Any CPU.Deploy.0 = Debug|Any CPU
		{7AD02912-812E-40FC-B48F-DBB4B75B160C}.Release|Any CPU.ActiveCfg = Release|Any CPU
		{7AD02912-812E-40FC-B48F-DBB4B75B160C}.Release|Any CPU.Build.0 = Release|Any CPU
		{7AD02912-812E-40FC-B48F-DBB4B75B160C}.Release|Any CPU.Deploy.0 = Release|Any CPU
		{7EDA4C68-B81B-4248-A655-37055D8E71D3}.Debug|Any CPU.ActiveCfg = Debug|Any CPU
		{7EDA4C68-B81B-4248-A655-37055D8E71D3}.Debug|Any CPU.Build.0 = Debug|Any CPU
		{7EDA4C68-B81B-4248-A655-37055D8E71D3}.Release|Any CPU.ActiveCfg = Release|Any CPU
		{7EDA4C68-B81B-4248-A655-37055D8E71D3}.Release|Any CPU.Build.0 = Release|Any CPU
	EndGlobalSection
	GlobalSection(SolutionProperties) = preSolution
		HideSolutionNode = FALSE
	EndGlobalSection
	GlobalSection(ExtensibilityGlobals) = postSolution
		SolutionGuid = {89575A96-C266-4E78-9AB3-5AE1CC61CC76}
	EndGlobalSection
EndGlobal
